{
  "name": "GpxCSV2STileConverter",
  "version": "1.0.0",
  "lockfileVersion": 3,
  "requires": true,
  "packages": {
    "": {
      "name": "GpxCSV2STileConverter",
      "version": "1.0.0",
      "license": "ISC",
      "dependencies": {
        "typescript": "^5.7.3"
      },
      "devDependencies": {
        "@types/node": "^22.12.0"
      }
    },
    "node_modules/.pnpm/@types+node@22.12.0": {
      "dev": true
    },
    "node_modules/.pnpm/@types+node@22.12.0/node_modules/@types/node": {
      "version": "22.12.0",
      "dev": true,
      "license": "MIT",
      "dependencies": {
        "undici-types": "~6.20.0"
      }
    },
    "node_modules/.pnpm/@types+node@22.12.0/node_modules/undici-types": {
      "resolved": "node_modules/.pnpm/undici-types@6.20.0/node_modules/undici-types",
      "link": true
    },
    "node_modules/.pnpm/undici-types@6.20.0/node_modules/undici-types": {
      "version": "6.20.0",
      "dev": true,
      "license": "MIT"
    },
    "node_modules/@types/node": {
      "resolved": "node_modules/.pnpm/@types+node@22.12.0/node_modules/@types/node",
      "link": true
    },
    "node_modules/typescript": {
      "version": "5.7.3",
      "resolved": "https://registry.npmjs.org/typescript/-/typescript-5.7.3.tgz",
      "integrity": "sha512-84MVSjMEHP+FQRPy3pX9sTVV/INIex71s9TL2Gm5FG/WG1SqXeKyZ0k7/blY/4FdOzI12CBy1vGc4og/eus0fw==",
      "license": "Apache-2.0",
      "bin": {
        "tsc": "bin/tsc",
        "tsserver": "bin/tsserver"
      },
      "engines": {
        "node": ">=14.17"
      }
    }
  }
}
